{
  "requires": true,
  "lockfileVersion": 1,
  "dependencies": {
    "angular-animations": {
      "version": "0.0.10",
      "resolved": "https://registry.npmjs.org/angular-animations/-/angular-animations-0.0.10.tgz",
      "integrity": "sha512-UKKWRZDDXl3m+bcS1PfW5xZ2WoyM9ixfdLS7OG9lDrWm5KkIYEIrZvC+r5nfU3C5ovltHId5e2BlwYqL18kxOA==",
      "requires": {
        "tslib": "^1.9.0"
      }
    },
    "tslib": {
      "version": "1.10.0",
      "resolved": "https://registry.npmjs.org/tslib/-/tslib-1.10.0.tgz",
      "integrity": "sha512-qOebF53frne81cf0S9B41ByenJ3/IuH8yJKngAX35CmiZySA0khhkovshKK+jGCaMnVomla7gVlIcc3EvKPbTQ=="
    }
  }
}
